// !$*UTF8*$!
{
	archiveVersion = 1;
	classes = {
	};
	objectVersion = 77;
	objects = {

/* Begin PBXBuildFile section */
		0638982D2E7856D400B8B44E /* StaffManager.swift in Sources */ = {isa = PBXBuildFile; fileRef = 0638982C2E7856D400B8B44E /* StaffManager.swift */; };
		0638982F2E7856DA00B8B44E /* AuthenticationManager.swift in Sources */ = {isa = PBXBuildFile; fileRef = 0638982E2E7856DA00B8B44E /* AuthenticationManager.swift */; };
		063898312E785DAA00B8B44E /* TaskPreviewSheet.swift in Sources */ = {isa = PBXBuildFile; fileRef = 063898302E785DAA00B8B44E /* TaskPreviewSheet.swift */; };
		063898342E78609700B8B44E /* CurrentOperatorWidget.swift in Sources */ = {isa = PBXBuildFile; fileRef = 063898322E78609700B8B44E /* CurrentOperatorWidget.swift */; };
		063898442E7862AF00B8B44E /* SyncManager.swift in Sources */ = {isa = PBXBuildFile; fileRef = 063898432E7862AF00B8B44E /* SyncManager.swift */; };
		063898452E7862AF00B8B44E /* DatabaseManager.swift in Sources */ = {isa = PBXBuildFile; fileRef = 063898412E7862AF00B8B44E /* DatabaseManager.swift */; };
		063898462E7862AF00B8B44E /* OfflineAPIService.swift in Sources */ = {isa = PBXBuildFile; fileRef = 063898422E7862AF00B8B44E /* OfflineAPIService.swift */; };
		063898482E7862D800B8B44E /* SyncStatusWidget.swift in Sources */ = {isa = PBXBuildFile; fileRef = 063898472E7862D800B8B44E /* SyncStatusWidget.swift */; };
		0638984A2E78631200B8B44E /* LocalModels.swift in Sources */ = {isa = PBXBuildFile; fileRef = 063898492E78631200B8B44E /* LocalModels.swift */; };
		0DA3155D2E78F84F00817FD1 /* CorrectionFlowViewModel.swift in Sources */ = {isa = PBXBuildFile; fileRef = 0DA3155C2E78F84F00817FD1 /* CorrectionFlowViewModel.swift */; };
		0DA3155E2E78F84F00817FD1 /* CorrectionFlowView.swift in Sources */ = {isa = PBXBuildFile; fileRef = 0DA3155B2E78F84F00817FD1 /* CorrectionFlowView.swift */; };
		0DA315612E78FA1000817FD1 /* InspectionView.swift in Sources */ = {isa = PBXBuildFile; fileRef = 0DA3155F2E78FA1000817FD1 /* InspectionView.swift */; };
		0DA315622E78FA1000817FD1 /* InspectionViewModel.swift in Sources */ = {isa = PBXBuildFile; fileRef = 0DA315602E78FA1000817FD1 /* InspectionViewModel.swift */; };
		0DA315642E78FBC000817FD1 /* CameraScannerView.swift in Sources */ = {isa = PBXBuildFile; fileRef = 0DA315632E78FBC000817FD1 /* CameraScannerView.swift */; };
		0DA315662E78FBD300817FD1 /* VisionBarcodeScanner.swift in Sources */ = {isa = PBXBuildFile; fileRef = 0DA315652E78FBD300817FD1 /* VisionBarcodeScanner.swift */; };
		0DA3157C2E79268900817FD1 /* StaffSessionManager.swift in Sources */ = {isa = PBXBuildFile; fileRef = 0DA3157B2E79268900817FD1 /* StaffSessionManager.swift */; };
		0DA3157E2E79280A00817FD1 /* StaffLoginViewModel.swift in Sources */ = {isa = PBXBuildFile; fileRef = 0DA3157D2E79280A00817FD1 /* StaffLoginViewModel.swift */; };
		0DBE72202E6EB81F00FDAE9E /* APIService.swift in Sources */ = {isa = PBXBuildFile; fileRef = 0DE21F422E668E0700ABAD27 /* APIService.swift */; };
		0DE0C4132E7AF03B00CF7394 /* UserSessionManager.swift in Sources */ = {isa = PBXBuildFile; fileRef = 0DE0C4122E7AF03B00CF7394 /* UserSessionManager.swift */; };
		0DE0C4152E7AF1A000CF7394 /* NetworkSettingsView.swift in Sources */ = {isa = PBXBuildFile; fileRef = 0DE0C4142E7AF1A000CF7394 /* NetworkSettingsView.swift */; };
		0DE0C41D2E7BF33900CF7394 /* BarcodeScannerView.swift in Sources */ = {isa = PBXBuildFile; fileRef = 0DE0C41C2E7BF33900CF7394 /* BarcodeScannerView.swift */; };
		0DE0C41F2E7D323200CF7394 /* ReportIssueView.swift in Sources */ = {isa = PBXBuildFile; fileRef = 0DE0C41E2E7D323200CF7394 /* ReportIssueView.swift */; };
		0DE0C4212E7D323800CF7394 /* ReportIssueViewModel.swift in Sources */ = {isa = PBXBuildFile; fileRef = 0DE0C4202E7D323800CF7394 /* ReportIssueViewModel.swift */; };
		0DE0C4292E7EF41F00CF7394 /* StaffSelector.swift in Sources */ = {isa = PBXBuildFile; fileRef = 0DE0C4282E7EF41F00CF7394 /* StaffSelector.swift */; };
		0DE0C42B2E7EF6D000CF7394 /* StaffManagementView.swift in Sources */ = {isa = PBXBuildFile; fileRef = 0DE0C42A2E7EF6D000CF7394 /* StaffManagementView.swift */; };
		0DE21F152E667AB400ABAD27 /* ContentView.swift in Sources */ = {isa = PBXBuildFile; fileRef = 0DE21F122E667AB400ABAD27 /* ContentView.swift */; };
		0DE21F162E667AB400ABAD27 /* Item.swift in Sources */ = {isa = PBXBuildFile; fileRef = 0DE21F132E667AB400ABAD27 /* Item.swift */; };
		0DE21F172E667AB400ABAD27 /* CapiCar_for_YOSApp.swift in Sources */ = {isa = PBXBuildFile; fileRef = 0DE21F112E667AB400ABAD27 /* CapiCar_for_YOSApp.swift */; };
		0DE21F182E667AB400ABAD27 /* Assets.xcassets in Resources */ = {isa = PBXBuildFile; fileRef = 0DE21F102E667AB400ABAD27 /* Assets.xcassets */; };
		0DE21F262E668A9B00ABAD27 /* ChecklistItemView.swift in Sources */ = {isa = PBXBuildFile; fileRef = 0DE21F252E668A9100ABAD27 /* ChecklistItemView.swift */; };
		0DE21F2D2E668D8000ABAD27 /* TaskCardView.swift in Sources */ = {isa = PBXBuildFile; fileRef = 0DE21F2C2E668D7900ABAD27 /* TaskCardView.swift */; };
		0DE21F2F2E668D8C00ABAD27 /* TaskGroupView.swift in Sources */ = {isa = PBXBuildFile; fileRef = 0DE21F2E2E668D8B00ABAD27 /* TaskGroupView.swift */; };
		0DE21F312E668DA500ABAD27 /* PrimaryButton.swift in Sources */ = {isa = PBXBuildFile; fileRef = 0DE21F302E668DA400ABAD27 /* PrimaryButton.swift */; };
		0DE21F352E668DBF00ABAD27 /* DashboardViewModel.swift in Sources */ = {isa = PBXBuildFile; fileRef = 0DE21F342E668DBB00ABAD27 /* DashboardViewModel.swift */; };
		0DE21F372E668DC400ABAD27 /* DashboardView.swift in Sources */ = {isa = PBXBuildFile; fileRef = 0DE21F362E668DC200ABAD27 /* DashboardView.swift */; };
		0DE21F392E668DD300ABAD27 /* TaskDetailViewModel.swift in Sources */ = {isa = PBXBuildFile; fileRef = 0DE21F382E668DD100ABAD27 /* TaskDetailViewModel.swift */; };
		0DE21F3B2E668DD900ABAD27 /* TaskDetailView.swift in Sources */ = {isa = PBXBuildFile; fileRef = 0DE21F3A2E668DD600ABAD27 /* TaskDetailView.swift */; };
		0DE21F3D2E668DEB00ABAD27 /* StaffViewModel.swift in Sources */ = {isa = PBXBuildFile; fileRef = 0DE21F3C2E668DEA00ABAD27 /* StaffViewModel.swift */; };
		0DE21F3F2E668DF000ABAD27 /* StaffCheckInView.swift in Sources */ = {isa = PBXBuildFile; fileRef = 0DE21F3E2E668DEF00ABAD27 /* StaffCheckInView.swift */; };
		0DE21F412E668DFC00ABAD27 /* LoginView.swift in Sources */ = {isa = PBXBuildFile; fileRef = 0DE21F402E668DFB00ABAD27 /* LoginView.swift */; };
		0DE21F462E6699CE00ABAD27 /* TaskModels.swift in Sources */ = {isa = PBXBuildFile; fileRef = 0DE21F452E6699CA00ABAD27 /* TaskModels.swift */; };
/* End PBXBuildFile section */

/* Begin PBXContainerItemProxy section */
		0DE21EC02E666D7B00ABAD27 /* PBXContainerItemProxy */ = {
			isa = PBXContainerItemProxy;
			containerPortal = 0DE21EA82E666D7900ABAD27 /* Project object */;
			proxyType = 1;
			remoteGlobalIDString = 0DE21EAF2E666D7900ABAD27;
			remoteInfo = "CapiCar for YOS";
		};
		0DE21ECA2E666D7B00ABAD27 /* PBXContainerItemProxy */ = {
			isa = PBXContainerItemProxy;
			containerPortal = 0DE21EA82E666D7900ABAD27 /* Project object */;
			proxyType = 1;
			remoteGlobalIDString = 0DE21EAF2E666D7900ABAD27;
			remoteInfo = "CapiCar for YOS";
		};
/* End PBXContainerItemProxy section */

/* Begin PBXFileReference section */
		0638982C2E7856D400B8B44E /* StaffManager.swift */ = {isa = PBXFileReference; lastKnownFileType = sourcecode.swift; path = StaffManager.swift; sourceTree = "<group>"; };
		0638982E2E7856DA00B8B44E /* AuthenticationManager.swift */ = {isa = PBXFileReference; lastKnownFileType = sourcecode.swift; path = AuthenticationManager.swift; sourceTree = "<group>"; };
		063898302E785DAA00B8B44E /* TaskPreviewSheet.swift */ = {isa = PBXFileReference; lastKnownFileType = sourcecode.swift; path = TaskPreviewSheet.swift; sourceTree = "<group>"; };
		063898322E78609700B8B44E /* CurrentOperatorWidget.swift */ = {isa = PBXFileReference; lastKnownFileType = sourcecode.swift; path = CurrentOperatorWidget.swift; sourceTree = "<group>"; };
		063898412E7862AF00B8B44E /* DatabaseManager.swift */ = {isa = PBXFileReference; lastKnownFileType = sourcecode.swift; path = DatabaseManager.swift; sourceTree = "<group>"; };
		063898422E7862AF00B8B44E /* OfflineAPIService.swift */ = {isa = PBXFileReference; lastKnownFileType = sourcecode.swift; path = OfflineAPIService.swift; sourceTree = "<group>"; };
		063898432E7862AF00B8B44E /* SyncManager.swift */ = {isa = PBXFileReference; lastKnownFileType = sourcecode.swift; path = SyncManager.swift; sourceTree = "<group>"; };
		063898472E7862D800B8B44E /* SyncStatusWidget.swift */ = {isa = PBXFileReference; lastKnownFileType = sourcecode.swift; path = SyncStatusWidget.swift; sourceTree = "<group>"; };
		063898492E78631200B8B44E /* LocalModels.swift */ = {isa = PBXFileReference; lastKnownFileType = sourcecode.swift; path = LocalModels.swift; sourceTree = "<group>"; };
		0DA315472E78E22C00817FD1 /* Info.plist */ = {isa = PBXFileReference; lastKnownFileType = text.plist.xml; path = Info.plist; sourceTree = "<group>"; };
		0DA3155B2E78F84F00817FD1 /* CorrectionFlowView.swift */ = {isa = PBXFileReference; lastKnownFileType = sourcecode.swift; path = CorrectionFlowView.swift; sourceTree = "<group>"; };
		0DA3155C2E78F84F00817FD1 /* CorrectionFlowViewModel.swift */ = {isa = PBXFileReference; lastKnownFileType = sourcecode.swift; path = CorrectionFlowViewModel.swift; sourceTree = "<group>"; };
		0DA3155F2E78FA1000817FD1 /* InspectionView.swift */ = {isa = PBXFileReference; lastKnownFileType = sourcecode.swift; path = InspectionView.swift; sourceTree = "<group>"; };
		0DA315602E78FA1000817FD1 /* InspectionViewModel.swift */ = {isa = PBXFileReference; lastKnownFileType = sourcecode.swift; path = InspectionViewModel.swift; sourceTree = "<group>"; };
		0DA315632E78FBC000817FD1 /* CameraScannerView.swift */ = {isa = PBXFileReference; lastKnownFileType = sourcecode.swift; path = CameraScannerView.swift; sourceTree = "<group>"; };
		0DA315652E78FBD300817FD1 /* VisionBarcodeScanner.swift */ = {isa = PBXFileReference; lastKnownFileType = sourcecode.swift; path = VisionBarcodeScanner.swift; sourceTree = "<group>"; };
		0DA3157B2E79268900817FD1 /* StaffSessionManager.swift */ = {isa = PBXFileReference; lastKnownFileType = sourcecode.swift; path = StaffSessionManager.swift; sourceTree = "<group>"; };
		0DA3157D2E79280A00817FD1 /* StaffLoginViewModel.swift */ = {isa = PBXFileReference; lastKnownFileType = sourcecode.swift; path = StaffLoginViewModel.swift; sourceTree = "<group>"; };
		0DE0C4122E7AF03B00CF7394 /* UserSessionManager.swift */ = {isa = PBXFileReference; lastKnownFileType = sourcecode.swift; path = UserSessionManager.swift; sourceTree = "<group>"; };
		0DE0C4142E7AF1A000CF7394 /* NetworkSettingsView.swift */ = {isa = PBXFileReference; lastKnownFileType = sourcecode.swift; path = NetworkSettingsView.swift; sourceTree = "<group>"; };
		0DE0C41C2E7BF33900CF7394 /* BarcodeScannerView.swift */ = {isa = PBXFileReference; lastKnownFileType = sourcecode.swift; path = BarcodeScannerView.swift; sourceTree = "<group>"; };
		0DE0C41E2E7D323200CF7394 /* ReportIssueView.swift */ = {isa = PBXFileReference; lastKnownFileType = sourcecode.swift; path = ReportIssueView.swift; sourceTree = "<group>"; };
		0DE0C4202E7D323800CF7394 /* ReportIssueViewModel.swift */ = {isa = PBXFileReference; lastKnownFileType = sourcecode.swift; path = ReportIssueViewModel.swift; sourceTree = "<group>"; };
		0DE0C4282E7EF41F00CF7394 /* StaffSelector.swift */ = {isa = PBXFileReference; lastKnownFileType = sourcecode.swift; path = StaffSelector.swift; sourceTree = "<group>"; };
		0DE0C42A2E7EF6D000CF7394 /* StaffManagementView.swift */ = {isa = PBXFileReference; lastKnownFileType = sourcecode.swift; path = StaffManagementView.swift; sourceTree = "<group>"; };
		0DE21EB02E666D7900ABAD27 /* CapiCarForYOS.app */ = {isa = PBXFileReference; explicitFileType = wrapper.application; includeInIndex = 0; path = CapiCarForYOS.app; sourceTree = BUILT_PRODUCTS_DIR; };
		0DE21EBF2E666D7B00ABAD27 /* CapiCarForYOSTests.xctest */ = {isa = PBXFileReference; explicitFileType = wrapper.cfbundle; includeInIndex = 0; path = CapiCarForYOSTests.xctest; sourceTree = BUILT_PRODUCTS_DIR; };
		0DE21EC92E666D7B00ABAD27 /* CapiCarForYOSUITests.xctest */ = {isa = PBXFileReference; explicitFileType = wrapper.cfbundle; includeInIndex = 0; path = CapiCarForYOSUITests.xctest; sourceTree = BUILT_PRODUCTS_DIR; };
		0DE21F102E667AB400ABAD27 /* Assets.xcassets */ = {isa = PBXFileReference; lastKnownFileType = folder.assetcatalog; path = Assets.xcassets; sourceTree = "<group>"; };
		0DE21F112E667AB400ABAD27 /* CapiCar_for_YOSApp.swift */ = {isa = PBXFileReference; lastKnownFileType = sourcecode.swift; path = CapiCar_for_YOSApp.swift; sourceTree = "<group>"; };
		0DE21F122E667AB400ABAD27 /* ContentView.swift */ = {isa = PBXFileReference; lastKnownFileType = sourcecode.swift; path = ContentView.swift; sourceTree = "<group>"; };
		0DE21F132E667AB400ABAD27 /* Item.swift */ = {isa = PBXFileReference; lastKnownFileType = sourcecode.swift; path = Item.swift; sourceTree = "<group>"; };
		0DE21F252E668A9100ABAD27 /* ChecklistItemView.swift */ = {isa = PBXFileReference; lastKnownFileType = sourcecode.swift; path = ChecklistItemView.swift; sourceTree = "<group>"; };
		0DE21F2C2E668D7900ABAD27 /* TaskCardView.swift */ = {isa = PBXFileReference; lastKnownFileType = sourcecode.swift; path = TaskCardView.swift; sourceTree = "<group>"; };
		0DE21F2E2E668D8B00ABAD27 /* TaskGroupView.swift */ = {isa = PBXFileReference; lastKnownFileType = sourcecode.swift; path = TaskGroupView.swift; sourceTree = "<group>"; };
		0DE21F302E668DA400ABAD27 /* PrimaryButton.swift */ = {isa = PBXFileReference; lastKnownFileType = sourcecode.swift; path = PrimaryButton.swift; sourceTree = "<group>"; };
		0DE21F342E668DBB00ABAD27 /* DashboardViewModel.swift */ = {isa = PBXFileReference; lastKnownFileType = sourcecode.swift; path = DashboardViewModel.swift; sourceTree = "<group>"; };
		0DE21F362E668DC200ABAD27 /* DashboardView.swift */ = {isa = PBXFileReference; lastKnownFileType = sourcecode.swift; path = DashboardView.swift; sourceTree = "<group>"; };
		0DE21F382E668DD100ABAD27 /* TaskDetailViewModel.swift */ = {isa = PBXFileReference; lastKnownFileType = sourcecode.swift; path = TaskDetailViewModel.swift; sourceTree = "<group>"; };
		0DE21F3A2E668DD600ABAD27 /* TaskDetailView.swift */ = {isa = PBXFileReference; lastKnownFileType = sourcecode.swift; path = TaskDetailView.swift; sourceTree = "<group>"; };
		0DE21F3C2E668DEA00ABAD27 /* StaffViewModel.swift */ = {isa = PBXFileReference; lastKnownFileType = sourcecode.swift; path = StaffViewModel.swift; sourceTree = "<group>"; };
		0DE21F3E2E668DEF00ABAD27 /* StaffCheckInView.swift */ = {isa = PBXFileReference; lastKnownFileType = sourcecode.swift; path = StaffCheckInView.swift; sourceTree = "<group>"; };
		0DE21F402E668DFB00ABAD27 /* LoginView.swift */ = {isa = PBXFileReference; lastKnownFileType = sourcecode.swift; path = LoginView.swift; sourceTree = "<group>"; };
		0DE21F422E668E0700ABAD27 /* APIService.swift */ = {isa = PBXFileReference; lastKnownFileType = sourcecode.swift; path = APIService.swift; sourceTree = "<group>"; };
		0DE21F452E6699CA00ABAD27 /* TaskModels.swift */ = {isa = PBXFileReference; lastKnownFileType = sourcecode.swift; path = TaskModels.swift; sourceTree = "<group>"; };
/* End PBXFileReference section */

/* Begin PBXFileSystemSynchronizedRootGroup section */
		0DE21EC22E666D7B00ABAD27 /* CapiCarForYOSTests */ = {
			isa = PBXFileSystemSynchronizedRootGroup;
			path = CapiCarForYOSTests;
			sourceTree = "<group>";
		};
		0DE21ECC2E666D7B00ABAD27 /* CapiCarForYOSUITests */ = {
			isa = PBXFileSystemSynchronizedRootGroup;
			path = CapiCarForYOSUITests;
			sourceTree = "<group>";
		};
/* End PBXFileSystemSynchronizedRootGroup section */

/* Begin PBXFrameworksBuildPhase section */
		0DE21EAD2E666D7900ABAD27 /* Frameworks */ = {
			isa = PBXFrameworksBuildPhase;
			buildActionMask = 2147483647;
			files = (
			);
			runOnlyForDeploymentPostprocessing = 0;
		};
		0DE21EBC2E666D7B00ABAD27 /* Frameworks */ = {
			isa = PBXFrameworksBuildPhase;
			buildActionMask = 2147483647;
			files = (
			);
			runOnlyForDeploymentPostprocessing = 0;
		};
		0DE21EC62E666D7B00ABAD27 /* Frameworks */ = {
			isa = PBXFrameworksBuildPhase;
			buildActionMask = 2147483647;
			files = (
			);
			runOnlyForDeploymentPostprocessing = 0;
		};
/* End PBXFrameworksBuildPhase section */

/* Begin PBXGroup section */
		063898332E78609700B8B44E /* Dashboard */ = {
			isa = PBXGroup;
			children = (
				063898322E78609700B8B44E /* CurrentOperatorWidget.swift */,
				063898472E7862D800B8B44E /* SyncStatusWidget.swift */,
			);
			path = Dashboard;
			sourceTree = "<group>";
		};
		0DE21EA72E666D7900ABAD27 = {
			isa = PBXGroup;
			children = (
				0DE21F142E667AB400ABAD27 /* CapiCarForYOS */,
				0DE21EC22E666D7B00ABAD27 /* CapiCarForYOSTests */,
				0DE21ECC2E666D7B00ABAD27 /* CapiCarForYOSUITests */,
				0DE21EB12E666D7900ABAD27 /* Products */,
			);
			sourceTree = "<group>";
		};
		0DE21EB12E666D7900ABAD27 /* Products */ = {
			isa = PBXGroup;
			children = (
				0DE21EB02E666D7900ABAD27 /* CapiCarForYOS.app */,
				0DE21EBF2E666D7B00ABAD27 /* CapiCarForYOSTests.xctest */,
				0DE21EC92E666D7B00ABAD27 /* CapiCarForYOSUITests.xctest */,
			);
			name = Products;
			sourceTree = "<group>";
		};
		0DE21F142E667AB400ABAD27 /* CapiCarForYOS */ = {
			isa = PBXGroup;
			children = (
				0DE21F192E667B2A00ABAD27 /* Features */,
				0DE21F1A2E667DC800ABAD27 /* Components */,
				0DE21F1C2E667DD700ABAD27 /* Services */,
				0DE21F1D2E667DDF00ABAD27 /* Models */,
				0DE21F1E2E667DE300ABAD27 /* Utils */,
				0DE21F102E667AB400ABAD27 /* Assets.xcassets */,
				0DE21F112E667AB400ABAD27 /* CapiCar_for_YOSApp.swift */,
				0DE21F122E667AB400ABAD27 /* ContentView.swift */,
				0DE21F132E667AB400ABAD27 /* Item.swift */,
				0DA315472E78E22C00817FD1 /* Info.plist */,
			);
			path = CapiCarForYOS;
			sourceTree = "<group>";
		};
		0DE21F192E667B2A00ABAD27 /* Features */ = {
			isa = PBXGroup;
			children = (
				0DE21F1F2E6688E400ABAD27 /* Dashboard */,
				0DE21F222E6688FC00ABAD27 /* Tasks */,
				0DE21F212E6688F500ABAD27 /* Staff */,
				0DE21F202E6688EE00ABAD27 /* Auth */,
			);
			path = Features;
			sourceTree = "<group>";
		};
		0DE21F1A2E667DC800ABAD27 /* Components */ = {
			isa = PBXGroup;
			children = (
				063898332E78609700B8B44E /* Dashboard */,
				0DE21F242E668A7500ABAD27 /* Task */,
				0DE21F232E668A6900ABAD27 /* Shared */,
			);
			path = Components;
			sourceTree = "<group>";
		};
		0DE21F1C2E667DD700ABAD27 /* Services */ = {
			isa = PBXGroup;
			children = (
				0DE21F422E668E0700ABAD27 /* APIService.swift */,
				0638982C2E7856D400B8B44E /* StaffManager.swift */,
				0DA3157B2E79268900817FD1 /* StaffSessionManager.swift */,
				0DE0C4122E7AF03B00CF7394 /* UserSessionManager.swift */,
				0638982E2E7856DA00B8B44E /* AuthenticationManager.swift */,
				063898412E7862AF00B8B44E /* DatabaseManager.swift */,
				063898422E7862AF00B8B44E /* OfflineAPIService.swift */,
				063898432E7862AF00B8B44E /* SyncManager.swift */,
			);
			path = Services;
			sourceTree = "<group>";
		};
		0DE21F1D2E667DDF00ABAD27 /* Models */ = {
			isa = PBXGroup;
			children = (
				063898492E78631200B8B44E /* LocalModels.swift */,
				0DE21F452E6699CA00ABAD27 /* TaskModels.swift */,
			);
			path = Models;
			sourceTree = "<group>";
		};
		0DE21F1E2E667DE300ABAD27 /* Utils */ = {
			isa = PBXGroup;
			children = (
			);
			path = Utils;
			sourceTree = "<group>";
		};
		0DE21F1F2E6688E400ABAD27 /* Dashboard */ = {
			isa = PBXGroup;
			children = (
				0DE21F362E668DC200ABAD27 /* DashboardView.swift */,
				0DE21F342E668DBB00ABAD27 /* DashboardViewModel.swift */,
			);
			path = Dashboard;
			sourceTree = "<group>";
		};
		0DE21F202E6688EE00ABAD27 /* Auth */ = {
			isa = PBXGroup;
			children = (
				0DE21F402E668DFB00ABAD27 /* LoginView.swift */,
				0DA3157D2E79280A00817FD1 /* StaffLoginViewModel.swift */,
			);
			path = Auth;
			sourceTree = "<group>";
		};
		0DE21F212E6688F500ABAD27 /* Staff */ = {
			isa = PBXGroup;
			children = (
				0DE21F3E2E668DEF00ABAD27 /* StaffCheckInView.swift */,
				0DE21F3C2E668DEA00ABAD27 /* StaffViewModel.swift */,
				0DE0C42A2E7EF6D000CF7394 /* StaffManagementView.swift */,
			);
			path = Staff;
			sourceTree = "<group>";
		};
		0DE21F222E6688FC00ABAD27 /* Tasks */ = {
			isa = PBXGroup;
			children = (
				063898302E785DAA00B8B44E /* TaskPreviewSheet.swift */,
				0DE21F3A2E668DD600ABAD27 /* TaskDetailView.swift */,
				0DE21F382E668DD100ABAD27 /* TaskDetailViewModel.swift */,
				0DA3155F2E78FA1000817FD1 /* InspectionView.swift */,
				0DA315602E78FA1000817FD1 /* InspectionViewModel.swift */,
				0DE0C41E2E7D323200CF7394 /* ReportIssueView.swift */,
				0DE0C4202E7D323800CF7394 /* ReportIssueViewModel.swift */,
				0DA3155B2E78F84F00817FD1 /* CorrectionFlowView.swift */,
				0DA3155C2E78F84F00817FD1 /* CorrectionFlowViewModel.swift */,
			);
			path = Tasks;
			sourceTree = "<group>";
		};
		0DE21F232E668A6900ABAD27 /* Shared */ = {
			isa = PBXGroup;
			children = (
				0DE21F302E668DA400ABAD27 /* PrimaryButton.swift */,
				0DE0C4282E7EF41F00CF7394 /* StaffSelector.swift */,
				0DA315632E78FBC000817FD1 /* CameraScannerView.swift */,
				0DE0C4142E7AF1A000CF7394 /* NetworkSettingsView.swift */,
				0DA315652E78FBD300817FD1 /* VisionBarcodeScanner.swift */,
				0DE0C41C2E7BF33900CF7394 /* BarcodeScannerView.swift */,
			);
			path = Shared;
			sourceTree = "<group>";
		};
		0DE21F242E668A7500ABAD27 /* Task */ = {
			isa = PBXGroup;
			children = (
				0DE21F252E668A9100ABAD27 /* ChecklistItemView.swift */,
				0DE21F2C2E668D7900ABAD27 /* TaskCardView.swift */,
				0DE21F2E2E668D8B00ABAD27 /* TaskGroupView.swift */,
			);
			path = Task;
			sourceTree = "<group>";
		};
/* End PBXGroup section */

/* Begin PBXNativeTarget section */
		0DE21EAF2E666D7900ABAD27 /* CapiCarForYOS */ = {
			isa = PBXNativeTarget;
			buildConfigurationList = 0DE21ED32E666D7B00ABAD27 /* Build configuration list for PBXNativeTarget "CapiCarForYOS" */;
			buildPhases = (
				0DE21EAC2E666D7900ABAD27 /* Sources */,
				0DE21EAD2E666D7900ABAD27 /* Frameworks */,
				0DE21EAE2E666D7900ABAD27 /* Resources */,
			);
			buildRules = (
			);
			dependencies = (
			);
			name = CapiCarForYOS;
			packageProductDependencies = (
			);
			productName = "CapiCar for YOS";
			productReference = 0DE21EB02E666D7900ABAD27 /* CapiCarForYOS.app */;
			productType = "com.apple.product-type.application";
		};
		0DE21EBE2E666D7B00ABAD27 /* CapiCarForYOSTests */ = {
			isa = PBXNativeTarget;
			buildConfigurationList = 0DE21ED62E666D7B00ABAD27 /* Build configuration list for PBXNativeTarget "CapiCarForYOSTests" */;
			buildPhases = (
				0DE21EBB2E666D7B00ABAD27 /* Sources */,
				0DE21EBC2E666D7B00ABAD27 /* Frameworks */,
				0DE21EBD2E666D7B00ABAD27 /* Resources */,
			);
			buildRules = (
			);
			dependencies = (
				0DE21EC12E666D7B00ABAD27 /* PBXTargetDependency */,
			);
			fileSystemSynchronizedGroups = (
				0DE21EC22E666D7B00ABAD27 /* CapiCarForYOSTests */,
			);
			name = CapiCarForYOSTests;
			packageProductDependencies = (
			);
			productName = "CapiCar for YOSTests";
			productReference = 0DE21EBF2E666D7B00ABAD27 /* CapiCarForYOSTests.xctest */;
			productType = "com.apple.product-type.bundle.unit-test";
		};
		0DE21EC82E666D7B00ABAD27 /* CapiCarForYOSUITests */ = {
			isa = PBXNativeTarget;
			buildConfigurationList = 0DE21ED92E666D7B00ABAD27 /* Build configuration list for PBXNativeTarget "CapiCarForYOSUITests" */;
			buildPhases = (
				0DE21EC52E666D7B00ABAD27 /* Sources */,
				0DE21EC62E666D7B00ABAD27 /* Frameworks */,
				0DE21EC72E666D7B00ABAD27 /* Resources */,
			);
			buildRules = (
			);
			dependencies = (
				0DE21ECB2E666D7B00ABAD27 /* PBXTargetDependency */,
			);
			fileSystemSynchronizedGroups = (
				0DE21ECC2E666D7B00ABAD27 /* CapiCarForYOSUITests */,
			);
			name = CapiCarForYOSUITests;
			packageProductDependencies = (
			);
			productName = "CapiCar for YOSUITests";
			productReference = 0DE21EC92E666D7B00ABAD27 /* CapiCarForYOSUITests.xctest */;
			productType = "com.apple.product-type.bundle.ui-testing";
		};
/* End PBXNativeTarget section */

/* Begin PBXProject section */
		0DE21EA82E666D7900ABAD27 /* Project object */ = {
			isa = PBXProject;
			attributes = {
				BuildIndependentTargetsInParallel = 1;
				LastSwiftUpdateCheck = 1640;
				LastUpgradeCheck = 1640;
				TargetAttributes = {
					0DE21EAF2E666D7900ABAD27 = {
						CreatedOnToolsVersion = 16.4;
					};
					0DE21EBE2E666D7B00ABAD27 = {
						CreatedOnToolsVersion = 16.4;
						TestTargetID = 0DE21EAF2E666D7900ABAD27;
					};
					0DE21EC82E666D7B00ABAD27 = {
						CreatedOnToolsVersion = 16.4;
						TestTargetID = 0DE21EAF2E666D7900ABAD27;
					};
				};
			};
			buildConfigurationList = 0DE21EAB2E666D7900ABAD27 /* Build configuration list for PBXProject "CapiCarForYOS" */;
			developmentRegion = en;
			hasScannedForEncodings = 0;
			knownRegions = (
				en,
				Base,
			);
			mainGroup = 0DE21EA72E666D7900ABAD27;
			minimizedProjectReferenceProxies = 1;
			preferredProjectObjectVersion = 77;
			productRefGroup = 0DE21EB12E666D7900ABAD27 /* Products */;
			projectDirPath = "";
			projectRoot = "";
			targets = (
				0DE21EAF2E666D7900ABAD27 /* CapiCarForYOS */,
				0DE21EBE2E666D7B00ABAD27 /* CapiCarForYOSTests */,
				0DE21EC82E666D7B00ABAD27 /* CapiCarForYOSUITests */,
			);
		};
/* End PBXProject section */

/* Begin PBXResourcesBuildPhase section */
		0DE21EAE2E666D7900ABAD27 /* Resources */ = {
			isa = PBXResourcesBuildPhase;
			buildActionMask = 2147483647;
			files = (
				0DE21F182E667AB400ABAD27 /* Assets.xcassets in Resources */,
			);
			runOnlyForDeploymentPostprocessing = 0;
		};
		0DE21EBD2E666D7B00ABAD27 /* Resources */ = {
			isa = PBXResourcesBuildPhase;
			buildActionMask = 2147483647;
			files = (
			);
			runOnlyForDeploymentPostprocessing = 0;
		};
		0DE21EC72E666D7B00ABAD27 /* Resources */ = {
			isa = PBXResourcesBuildPhase;
			buildActionMask = 2147483647;
			files = (
			);
			runOnlyForDeploymentPostprocessing = 0;
		};
/* End PBXResourcesBuildPhase section */

/* Begin PBXSourcesBuildPhase section */
		0DE21EAC2E666D7900ABAD27 /* Sources */ = {
			isa = PBXSourcesBuildPhase;
			buildActionMask = 2147483647;
			files = (
				0DA315642E78FBC000817FD1 /* CameraScannerView.swift in Sources */,
				0DA3157E2E79280A00817FD1 /* StaffLoginViewModel.swift in Sources */,
				0DE21F3B2E668DD900ABAD27 /* TaskDetailView.swift in Sources */,
				0DBE72202E6EB81F00FDAE9E /* APIService.swift in Sources */,
				0638982D2E7856D400B8B44E /* StaffManager.swift in Sources */,
				0DE21F152E667AB400ABAD27 /* ContentView.swift in Sources */,
				0638984A2E78631200B8B44E /* LocalModels.swift in Sources */,
				0DE0C4292E7EF41F00CF7394 /* StaffSelector.swift in Sources */,
				0DE21F352E668DBF00ABAD27 /* DashboardViewModel.swift in Sources */,
				063898342E78609700B8B44E /* CurrentOperatorWidget.swift in Sources */,
				063898312E785DAA00B8B44E /* TaskPreviewSheet.swift in Sources */,
				0DE0C41F2E7D323200CF7394 /* ReportIssueView.swift in Sources */,
				0DE21F462E6699CE00ABAD27 /* TaskModels.swift in Sources */,
				0DE0C4212E7D323800CF7394 /* ReportIssueViewModel.swift in Sources */,
				0DE21F392E668DD300ABAD27 /* TaskDetailViewModel.swift in Sources */,
				0DE0C4132E7AF03B00CF7394 /* UserSessionManager.swift in Sources */,
				0DE21F2D2E668D8000ABAD27 /* TaskCardView.swift in Sources */,
				0DE21F3F2E668DF000ABAD27 /* StaffCheckInView.swift in Sources */,
				0DE21F162E667AB400ABAD27 /* Item.swift in Sources */,
				0DE21F372E668DC400ABAD27 /* DashboardView.swift in Sources */,
				0DE0C4152E7AF1A000CF7394 /* NetworkSettingsView.swift in Sources */,
				0638982F2E7856DA00B8B44E /* AuthenticationManager.swift in Sources */,
				063898482E7862D800B8B44E /* SyncStatusWidget.swift in Sources */,
				0DA3157C2E79268900817FD1 /* StaffSessionManager.swift in Sources */,
				0DE0C42B2E7EF6D000CF7394 /* StaffManagementView.swift in Sources */,
				063898442E7862AF00B8B44E /* SyncManager.swift in Sources */,
				063898452E7862AF00B8B44E /* DatabaseManager.swift in Sources */,
				063898462E7862AF00B8B44E /* OfflineAPIService.swift in Sources */,
				0DE0C41D2E7BF33900CF7394 /* BarcodeScannerView.swift in Sources */,
				0DE21F262E668A9B00ABAD27 /* ChecklistItemView.swift in Sources */,
				0DE21F2F2E668D8C00ABAD27 /* TaskGroupView.swift in Sources */,
				0DE21F312E668DA500ABAD27 /* PrimaryButton.swift in Sources */,
				0DA315612E78FA1000817FD1 /* InspectionView.swift in Sources */,
				0DA315662E78FBD300817FD1 /* VisionBarcodeScanner.swift in Sources */,
				0DA315622E78FA1000817FD1 /* InspectionViewModel.swift in Sources */,
				0DE21F172E667AB400ABAD27 /* CapiCar_for_YOSApp.swift in Sources */,
				0DE21F412E668DFC00ABAD27 /* LoginView.swift in Sources */,
				0DA3155D2E78F84F00817FD1 /* CorrectionFlowViewModel.swift in Sources */,
				0DA3155E2E78F84F00817FD1 /* CorrectionFlowView.swift in Sources */,
				0DE21F3D2E668DEB00ABAD27 /* StaffViewModel.swift in Sources */,
			);
			runOnlyForDeploymentPostprocessing = 0;
		};
		0DE21EBB2E666D7B00ABAD27 /* Sources */ = {
			isa = PBXSourcesBuildPhase;
			buildActionMask = 2147483647;
			files = (
			);
			runOnlyForDeploymentPostprocessing = 0;
		};
		0DE21EC52E666D7B00ABAD27 /* Sources */ = {
			isa = PBXSourcesBuildPhase;
			buildActionMask = 2147483647;
			files = (
			);
			runOnlyForDeploymentPostprocessing = 0;
		};
/* End PBXSourcesBuildPhase section */

/* Begin PBXTargetDependency section */
		0DE21EC12E666D7B00ABAD27 /* PBXTargetDependency */ = {
			isa = PBXTargetDependency;
			target = 0DE21EAF2E666D7900ABAD27 /* CapiCarForYOS */;
			targetProxy = 0DE21EC02E666D7B00ABAD27 /* PBXContainerItemProxy */;
		};
		0DE21ECB2E666D7B00ABAD27 /* PBXTargetDependency */ = {
			isa = PBXTargetDependency;
			target = 0DE21EAF2E666D7900ABAD27 /* CapiCarForYOS */;
			targetProxy = 0DE21ECA2E666D7B00ABAD27 /* PBXContainerItemProxy */;
		};
/* End PBXTargetDependency section */

/* Begin XCBuildConfiguration section */
		0DE21ED12E666D7B00ABAD27 /* Debug */ = {
			isa = XCBuildConfiguration;
			buildSettings = {
				ALWAYS_SEARCH_USER_PATHS = NO;
				ASSETCATALOG_COMPILER_GENERATE_SWIFT_ASSET_SYMBOL_EXTENSIONS = YES;
				CLANG_ANALYZER_NONNULL = YES;
				CLANG_ANALYZER_NUMBER_OBJECT_CONVERSION = YES_AGGRESSIVE;
				CLANG_CXX_LANGUAGE_STANDARD = "gnu++20";
				CLANG_ENABLE_MODULES = YES;
				CLANG_ENABLE_OBJC_ARC = YES;
				CLANG_ENABLE_OBJC_WEAK = YES;
				CLANG_WARN_BLOCK_CAPTURE_AUTORELEASING = YES;
				CLANG_WARN_BOOL_CONVERSION = YES;
				CLANG_WARN_COMMA = YES;
				CLANG_WARN_CONSTANT_CONVERSION = YES;
				CLANG_WARN_DEPRECATED_OBJC_IMPLEMENTATIONS = YES;
				CLANG_WARN_DIRECT_OBJC_ISA_USAGE = YES_ERROR;
				CLANG_WARN_DOCUMENTATION_COMMENTS = YES;
				CLANG_WARN_EMPTY_BODY = YES;
				CLANG_WARN_ENUM_CONVERSION = YES;
				CLANG_WARN_INFINITE_RECURSION = YES;
				CLANG_WARN_INT_CONVERSION = YES;
				CLANG_WARN_NON_LITERAL_NULL_CONVERSION = YES;
				CLANG_WARN_OBJC_IMPLICIT_RETAIN_SELF = YES;
				CLANG_WARN_OBJC_LITERAL_CONVERSION = YES;
				CLANG_WARN_OBJC_ROOT_CLASS = YES_ERROR;
				CLANG_WARN_QUOTED_INCLUDE_IN_FRAMEWORK_HEADER = YES;
				CLANG_WARN_RANGE_LOOP_ANALYSIS = YES;
				CLANG_WARN_STRICT_PROTOTYPES = YES;
				CLANG_WARN_SUSPICIOUS_MOVE = YES;
				CLANG_WARN_UNGUARDED_AVAILABILITY = YES_AGGRESSIVE;
				CLANG_WARN_UNREACHABLE_CODE = YES;
				CLANG_WARN__DUPLICATE_METHOD_MATCH = YES;
				COPY_PHASE_STRIP = NO;
				DEBUG_INFORMATION_FORMAT = dwarf;
				ENABLE_STRICT_OBJC_MSGSEND = YES;
				ENABLE_TESTABILITY = YES;
				ENABLE_USER_SCRIPT_SANDBOXING = YES;
				GCC_C_LANGUAGE_STANDARD = gnu17;
				GCC_DYNAMIC_NO_PIC = NO;
				GCC_NO_COMMON_BLOCKS = YES;
				GCC_OPTIMIZATION_LEVEL = 0;
				GCC_PREPROCESSOR_DEFINITIONS = (
					"DEBUG=1",
					"$(inherited)",
				);
				GCC_WARN_64_TO_32_BIT_CONVERSION = YES;
				GCC_WARN_ABOUT_RETURN_TYPE = YES_ERROR;
				GCC_WARN_UNDECLARED_SELECTOR = YES;
				GCC_WARN_UNINITIALIZED_AUTOS = YES_AGGRESSIVE;
				GCC_WARN_UNUSED_FUNCTION = YES;
				GCC_WARN_UNUSED_VARIABLE = YES;
				IPHONEOS_DEPLOYMENT_TARGET = 18.5;
				LOCALIZATION_PREFERS_STRING_CATALOGS = YES;
				MTL_ENABLE_DEBUG_INFO = INCLUDE_SOURCE;
				MTL_FAST_MATH = YES;
				ONLY_ACTIVE_ARCH = YES;
				SDKROOT = iphoneos;
				SWIFT_ACTIVE_COMPILATION_CONDITIONS = "DEBUG $(inherited)";
				SWIFT_OPTIMIZATION_LEVEL = "-Onone";
			};
			name = Debug;
		};
		0DE21ED22E666D7B00ABAD27 /* Release */ = {
			isa = XCBuildConfiguration;
			buildSettings = {
				ALWAYS_SEARCH_USER_PATHS = NO;
				ASSETCATALOG_COMPILER_GENERATE_SWIFT_ASSET_SYMBOL_EXTENSIONS = YES;
				CLANG_ANALYZER_NONNULL = YES;
				CLANG_ANALYZER_NUMBER_OBJECT_CONVERSION = YES_AGGRESSIVE;
				CLANG_CXX_LANGUAGE_STANDARD = "gnu++20";
				CLANG_ENABLE_MODULES = YES;
				CLANG_ENABLE_OBJC_ARC = YES;
				CLANG_ENABLE_OBJC_WEAK = YES;
				CLANG_WARN_BLOCK_CAPTURE_AUTORELEASING = YES;
				CLANG_WARN_BOOL_CONVERSION = YES;
				CLANG_WARN_COMMA = YES;
				CLANG_WARN_CONSTANT_CONVERSION = YES;
				CLANG_WARN_DEPRECATED_OBJC_IMPLEMENTATIONS = YES;
				CLANG_WARN_DIRECT_OBJC_ISA_USAGE = YES_ERROR;
				CLANG_WARN_DOCUMENTATION_COMMENTS = YES;
				CLANG_WARN_EMPTY_BODY = YES;
				CLANG_WARN_ENUM_CONVERSION = YES;
				CLANG_WARN_INFINITE_RECURSION = YES;
				CLANG_WARN_INT_CONVERSION = YES;
				CLANG_WARN_NON_LITERAL_NULL_CONVERSION = YES;
				CLANG_WARN_OBJC_IMPLICIT_RETAIN_SELF = YES;
				CLANG_WARN_OBJC_LITERAL_CONVERSION = YES;
				CLANG_WARN_OBJC_ROOT_CLASS = YES_ERROR;
				CLANG_WARN_QUOTED_INCLUDE_IN_FRAMEWORK_HEADER = YES;
				CLANG_WARN_RANGE_LOOP_ANALYSIS = YES;
				CLANG_WARN_STRICT_PROTOTYPES = YES;
				CLANG_WARN_SUSPICIOUS_MOVE = YES;
				CLANG_WARN_UNGUARDED_AVAILABILITY = YES_AGGRESSIVE;
				CLANG_WARN_UNREACHABLE_CODE = YES;
				CLANG_WARN__DUPLICATE_METHOD_MATCH = YES;
				COPY_PHASE_STRIP = NO;
				DEBUG_INFORMATION_FORMAT = "dwarf-with-dsym";
				ENABLE_NS_ASSERTIONS = NO;
				ENABLE_STRICT_OBJC_MSGSEND = YES;
				ENABLE_USER_SCRIPT_SANDBOXING = YES;
				GCC_C_LANGUAGE_STANDARD = gnu17;
				GCC_NO_COMMON_BLOCKS = YES;
				GCC_WARN_64_TO_32_BIT_CONVERSION = YES;
				GCC_WARN_ABOUT_RETURN_TYPE = YES_ERROR;
				GCC_WARN_UNDECLARED_SELECTOR = YES;
				GCC_WARN_UNINITIALIZED_AUTOS = YES_AGGRESSIVE;
				GCC_WARN_UNUSED_FUNCTION = YES;
				GCC_WARN_UNUSED_VARIABLE = YES;
				IPHONEOS_DEPLOYMENT_TARGET = 18.5;
				LOCALIZATION_PREFERS_STRING_CATALOGS = YES;
				MTL_ENABLE_DEBUG_INFO = NO;
				MTL_FAST_MATH = YES;
				SDKROOT = iphoneos;
				SWIFT_COMPILATION_MODE = wholemodule;
				VALIDATE_PRODUCT = YES;
			};
			name = Release;
		};
		0DE21ED42E666D7B00ABAD27 /* Debug */ = {
			isa = XCBuildConfiguration;
			buildSettings = {
				ASSETCATALOG_COMPILER_APPICON_NAME = AppIcon;
				ASSETCATALOG_COMPILER_GLOBAL_ACCENT_COLOR_NAME = AccentColor;
				CODE_SIGN_STYLE = Automatic;
				CURRENT_PROJECT_VERSION = 1;
				ENABLE_PREVIEWS = YES;
				GENERATE_INFOPLIST_FILE = NO;
				INFOPLIST_FILE = CapiCarForYOS/Info.plist;
				INFOPLIST_KEY_UIApplicationSceneManifest_Generation = YES;
				INFOPLIST_KEY_UIApplicationSupportsIndirectInputEvents = YES;
				INFOPLIST_KEY_UILaunchScreen_Generation = YES;
				INFOPLIST_KEY_UISupportedInterfaceOrientations_iPad = "UIInterfaceOrientationPortrait UIInterfaceOrientationPortraitUpsideDown UIInterfaceOrientationLandscapeLeft UIInterfaceOrientationLandscapeRight";
				INFOPLIST_KEY_UISupportedInterfaceOrientations_iPhone = "UIInterfaceOrientationPortrait UIInterfaceOrientationLandscapeLeft UIInterfaceOrientationLandscapeRight";
				LD_RUNPATH_SEARCH_PATHS = (
					"$(inherited)",
					"@executable_path/Frameworks",
				);
				MARKETING_VERSION = 1.0;
				PRODUCT_BUNDLE_IDENTIFIER = terumi.tokino.CapiCarForYOS;
				PRODUCT_NAME = "$(TARGET_NAME)";
				SWIFT_EMIT_LOC_STRINGS = YES;
				SWIFT_VERSION = 5.0;
				TARGETED_DEVICE_FAMILY = "1,2";
			};
			name = Debug;
		};
		0DE21ED52E666D7B00ABAD27 /* Release */ = {
			isa = XCBuildConfiguration;
			buildSettings = {
				ASSETCATALOG_COMPILER_APPICON_NAME = AppIcon;
				ASSETCATALOG_COMPILER_GLOBAL_ACCENT_COLOR_NAME = AccentColor;
				CODE_SIGN_STYLE = Automatic;
				CURRENT_PROJECT_VERSION = 1;
				ENABLE_PREVIEWS = YES;
				GENERATE_INFOPLIST_FILE = NO;
				INFOPLIST_FILE = CapiCarForYOS/Info.plist;
				INFOPLIST_KEY_UIApplicationSceneManifest_Generation = YES;
				INFOPLIST_KEY_UIApplicationSupportsIndirectInputEvents = YES;
				INFOPLIST_KEY_UILaunchScreen_Generation = YES;
				INFOPLIST_KEY_UISupportedInterfaceOrientations_iPad = "UIInterfaceOrientationPortrait UIInterfaceOrientationPortraitUpsideDown UIInterfaceOrientationLandscapeLeft UIInterfaceOrientationLandscapeRight";
				INFOPLIST_KEY_UISupportedInterfaceOrientations_iPhone = "UIInterfaceOrientationPortrait UIInterfaceOrientationLandscapeLeft UIInterfaceOrientationLandscapeRight";
				LD_RUNPATH_SEARCH_PATHS = (
					"$(inherited)",
					"@executable_path/Frameworks",
				);
				MARKETING_VERSION = 1.0;
				PRODUCT_BUNDLE_IDENTIFIER = terumi.tokino.CapiCarForYOS;
				PRODUCT_NAME = "$(TARGET_NAME)";
				SWIFT_EMIT_LOC_STRINGS = YES;
				SWIFT_VERSION = 5.0;
				TARGETED_DEVICE_FAMILY = "1,2";
			};
			name = Release;
		};
		0DE21ED72E666D7B00ABAD27 /* Debug */ = {
			isa = XCBuildConfiguration;
			buildSettings = {
				BUNDLE_LOADER = "$(TEST_HOST)";
				CODE_SIGN_STYLE = Automatic;
				CURRENT_PROJECT_VERSION = 1;
				GENERATE_INFOPLIST_FILE = NO;
				INFOPLIST_FILE = CapiCarForYOS/Info.plist;
				IPHONEOS_DEPLOYMENT_TARGET = 18.5;
				MARKETING_VERSION = 1.0;
				PRODUCT_BUNDLE_IDENTIFIER = "terumi.tokino.CapiCar-for-YOSTests";
				PRODUCT_NAME = "$(TARGET_NAME)";
				SWIFT_EMIT_LOC_STRINGS = NO;
				SWIFT_VERSION = 5.0;
				TARGETED_DEVICE_FAMILY = "1,2";
				TEST_HOST = "$(BUILT_PRODUCTS_DIR)/CapiCarForYOS.app/$(BUNDLE_EXECUTABLE_FOLDER_PATH)/CapiCarForYOS";
			};
			name = Debug;
		};
		0DE21ED82E666D7B00ABAD27 /* Release */ = {
			isa = XCBuildConfiguration;
			buildSettings = {
				BUNDLE_LOADER = "$(TEST_HOST)";
				CODE_SIGN_STYLE = Automatic;
				CURRENT_PROJECT_VERSION = 1;
				GENERATE_INFOPLIST_FILE = NO;
				INFOPLIST_FILE = CapiCarForYOS/Info.plist;
				IPHONEOS_DEPLOYMENT_TARGET = 18.5;
				MARKETING_VERSION = 1.0;
				PRODUCT_BUNDLE_IDENTIFIER = "terumi.tokino.CapiCar-for-YOSTests";
				PRODUCT_NAME = "$(TARGET_NAME)";
				SWIFT_EMIT_LOC_STRINGS = NO;
				SWIFT_VERSION = 5.0;
				TARGETED_DEVICE_FAMILY = "1,2";
				TEST_HOST = "$(BUILT_PRODUCTS_DIR)/CapiCarForYOS.app/$(BUNDLE_EXECUTABLE_FOLDER_PATH)/CapiCarForYOS";
			};
			name = Release;
		};
		0DE21EDA2E666D7B00ABAD27 /* Debug */ = {
			isa = XCBuildConfiguration;
			buildSettings = {
				CODE_SIGN_STYLE = Automatic;
				CURRENT_PROJECT_VERSION = 1;
				GENERATE_INFOPLIST_FILE = NO;
				INFOPLIST_FILE = CapiCarForYOS/Info.plist;
				MARKETING_VERSION = 1.0;
				PRODUCT_BUNDLE_IDENTIFIER = "terumi.tokino.CapiCar-for-YOSUITests";
				PRODUCT_NAME = "$(TARGET_NAME)";
				SWIFT_EMIT_LOC_STRINGS = NO;
				SWIFT_VERSION = 5.0;
				TARGETED_DEVICE_FAMILY = "1,2";
				TEST_TARGET_NAME = "CapiCar for YOS";
			};
			name = Debug;
		};
		0DE21EDB2E666D7B00ABAD27 /* Release */ = {
			isa = XCBuildConfiguration;
			buildSettings = {
				CODE_SIGN_STYLE = Automatic;
				CURRENT_PROJECT_VERSION = 1;
				GENERATE_INFOPLIST_FILE = NO;
				INFOPLIST_FILE = CapiCarForYOS/Info.plist;
				MARKETING_VERSION = 1.0;
				PRODUCT_BUNDLE_IDENTIFIER = "terumi.tokino.CapiCar-for-YOSUITests";
				PRODUCT_NAME = "$(TARGET_NAME)";
				SWIFT_EMIT_LOC_STRINGS = NO;
				SWIFT_VERSION = 5.0;
				TARGETED_DEVICE_FAMILY = "1,2";
				TEST_TARGET_NAME = "CapiCar for YOS";
			};
			name = Release;
		};
/* End XCBuildConfiguration section */

/* Begin XCConfigurationList section */
		0DE21EAB2E666D7900ABAD27 /* Build configuration list for PBXProject "CapiCarForYOS" */ = {
			isa = XCConfigurationList;
			buildConfigurations = (
				0DE21ED12E666D7B00ABAD27 /* Debug */,
				0DE21ED22E666D7B00ABAD27 /* Release */,
			);
			defaultConfigurationIsVisible = 0;
			defaultConfigurationName = Release;
		};
		0DE21ED32E666D7B00ABAD27 /* Build configuration list for PBXNativeTarget "CapiCarForYOS" */ = {
			isa = XCConfigurationList;
			buildConfigurations = (
				0DE21ED42E666D7B00ABAD27 /* Debug */,
				0DE21ED52E666D7B00ABAD27 /* Release */,
			);
			defaultConfigurationIsVisible = 0;
			defaultConfigurationName = Release;
		};
		0DE21ED62E666D7B00ABAD27 /* Build configuration list for PBXNativeTarget "CapiCarForYOSTests" */ = {
			isa = XCConfigurationList;
			buildConfigurations = (
				0DE21ED72E666D7B00ABAD27 /* Debug */,
				0DE21ED82E666D7B00ABAD27 /* Release */,
			);
			defaultConfigurationIsVisible = 0;
			defaultConfigurationName = Release;
		};
		0DE21ED92E666D7B00ABAD27 /* Build configuration list for PBXNativeTarget "CapiCarForYOSUITests" */ = {
			isa = XCConfigurationList;
			buildConfigurations = (
				0DE21EDA2E666D7B00ABAD27 /* Debug */,
				0DE21EDB2E666D7B00ABAD27 /* Release */,
			);
			defaultConfigurationIsVisible = 0;
			defaultConfigurationName = Release;
		};
/* End XCConfigurationList section */
	};
	rootObject = 0DE21EA82E666D7900ABAD27 /* Project object */;
}
